
Microsoft Visual Studio Solution File, Format Version 12.00
# Visual Studio Version 16
VisualStudioVersion = 16.0.30309.148
MinimumVisualStudioVersion = 10.0.40219.1
Project("{FAE04EC0-301F-11D3-BF4B-00C04F79EFBC}") = "TpModule3", "TpModule3\TpModule3.csproj", "{578F3008-E960-4DAD-852E-58804565DDFF}"
EndProject
Global
	GlobalSection(SolutionConfigurationPlatforms) = preSolution
		Debug|Any CPU = Debug|Any CPU
		Release|Any CPU = Release|Any CPU
	EndGlobalSection
	GlobalSection(ProjectConfigurationPlatforms) = postSolution
		{578F3008-E960-4DAD-852E-58804565DDFF}.Debug|Any CPU.ActiveCfg = Debug|Any CPU
		{578F3008-E960-4DAD-852E-58804565DDFF}.Debug|Any CPU.Build.0 = Debug|Any CPU
		{578F3008-E960-4DAD-852E-58804565DDFF}.Release|Any CPU.ActiveCfg = Release|Any CPU
		{578F3008-E960-4DAD-852E-58804565DDFF}.Release|Any CPU.Build.0 = Release|Any CPU
	EndGlobalSection
	GlobalSection(SolutionProperties) = preSolution
		HideSolutionNode = FALSE
	EndGlobalSection
	GlobalSection(ExtensibilityGlobals) = postSolution
		SolutionGuid = {11250385-F49B-4715-B3AE-667BEA7B2132}
	EndGlobalSection
EndGlobal
